// !$*UTF8*$!
{
	archiveVersion = 1;
	classes = {
	};
	objectVersion = 56;
	objects = {

/* Begin PBXBuildFile section */
		4F1D5FB52C67C51D00B2051A /* TimeFormatter.swift in Sources */ = {isa = PBXBuildFile; fileRef = 4F1D5FB42C67C51D00B2051A /* TimeFormatter.swift */; };
		4F5189182C633C7200E978F0 /* LaunchScreenView.swift in Sources */ = {isa = PBXBuildFile; fileRef = 4F5189172C633C7200E978F0 /* LaunchScreenView.swift */; };
		4F5FEFBB2C5C761400E00081 /* TurtleView.swift in Sources */ = {isa = PBXBuildFile; fileRef = 4F5FEFBA2C5C761400E00081 /* TurtleView.swift */; };
		4F5FEFBD2C5C762000E00081 /* TopMenuView.swift in Sources */ = {isa = PBXBuildFile; fileRef = 4F5FEFBC2C5C762000E00081 /* TopMenuView.swift */; };
		4F8160242C5536120030E5D6 /* RealTimePostureView.swift in Sources */ = {isa = PBXBuildFile; fileRef = 4F8160232C5536120030E5D6 /* RealTimePostureView.swift */; };
		4F8160262C5536380030E5D6 /* WeekPostureView.swift in Sources */ = {isa = PBXBuildFile; fileRef = 4F8160252C5536380030E5D6 /* WeekPostureView.swift */; };
		4F81605F2C57EBE30030E5D6 /* ColorExtension.swift in Sources */ = {isa = PBXBuildFile; fileRef = 4F81605E2C57EBE30030E5D6 /* ColorExtension.swift */; };
		4F8160732C57EC5B0030E5D6 /* FontExtension.swift in Sources */ = {isa = PBXBuildFile; fileRef = 4F8160722C57EC5B0030E5D6 /* FontExtension.swift */; };
		4F89F8E32C5A261700A9953D /* StatisticView.swift in Sources */ = {isa = PBXBuildFile; fileRef = 4F89F8E22C5A261700A9953D /* StatisticView.swift */; };
		4F89F8E52C5A290F00A9953D /* DayPostureView.swift in Sources */ = {isa = PBXBuildFile; fileRef = 4F89F8E42C5A290F00A9953D /* DayPostureView.swift */; };
		4FF6E4942C5FC5F2002B08A6 /* PIPView.swift in Sources */ = {isa = PBXBuildFile; fileRef = 4FF6E4932C5FC5F2002B08A6 /* PIPView.swift */; };
		512DD15A2C538B410033985C /* TurtleNeckApp.swift in Sources */ = {isa = PBXBuildFile; fileRef = 512DD1592C538B410033985C /* TurtleNeckApp.swift */; };
		512DD15C2C538B410033985C /* ContentView.swift in Sources */ = {isa = PBXBuildFile; fileRef = 512DD15B2C538B410033985C /* ContentView.swift */; };
		512DD15E2C538B430033985C /* Assets.xcassets in Resources */ = {isa = PBXBuildFile; fileRef = 512DD15D2C538B430033985C /* Assets.xcassets */; };
		512DD1612C538B430033985C /* Preview Assets.xcassets in Resources */ = {isa = PBXBuildFile; fileRef = 512DD1602C538B430033985C /* Preview Assets.xcassets */; };
		512DD16F2C538FD90033985C /* DummyService.swift in Sources */ = {isa = PBXBuildFile; fileRef = 512DD16E2C538FD90033985C /* DummyService.swift */; };
		512DD1752C5390590033985C /* DummyEntity.swift in Sources */ = {isa = PBXBuildFile; fileRef = 512DD1742C5390590033985C /* DummyEntity.swift */; };
		512DD1772C53907F0033985C /* DummyUseCase.swift in Sources */ = {isa = PBXBuildFile; fileRef = 512DD1762C53907F0033985C /* DummyUseCase.swift */; };
		512DD1792C5390AF0033985C /* DummyServiceInterface.swift in Sources */ = {isa = PBXBuildFile; fileRef = 512DD1782C5390AF0033985C /* DummyServiceInterface.swift */; };
		512DD17B2C5391660033985C /* DummyHelper.swift in Sources */ = {isa = PBXBuildFile; fileRef = 512DD17A2C5391660033985C /* DummyHelper.swift */; };
		512DD1802C5392A60033985C /* MainView.swift in Sources */ = {isa = PBXBuildFile; fileRef = 512DD17F2C5392A60033985C /* MainView.swift */; };
		512DD1822C5392BF0033985C /* NotiPermissionView.swift in Sources */ = {isa = PBXBuildFile; fileRef = 512DD1812C5392BF0033985C /* NotiPermissionView.swift */; };
		512DD1842C5392CC0033985C /* SettingView.swift in Sources */ = {isa = PBXBuildFile; fileRef = 512DD1832C5392CC0033985C /* SettingView.swift */; };
		51300EC32C62A880000A4EF5 /* CharacterNotiManager.swift in Sources */ = {isa = PBXBuildFile; fileRef = 51300EC22C62A880000A4EF5 /* CharacterNotiManager.swift */; };
		51300EC82C62ACA4000A4EF5 /* CharacterNotiView.swift in Sources */ = {isa = PBXBuildFile; fileRef = 51300EC72C62ACA4000A4EF5 /* CharacterNotiView.swift */; };
		51C09D042C5E42A8003307F2 /* NotificationContent.swift in Sources */ = {isa = PBXBuildFile; fileRef = 51C09D032C5E42A8003307F2 /* NotificationContent.swift */; };
		51EB27582C5C7F2500CEE9FB /* NotificationManager.swift in Sources */ = {isa = PBXBuildFile; fileRef = 51EB27572C5C7F2500CEE9FB /* NotificationManager.swift */; };
		BD17242D2C592FF200C80B4B /* HoverableButton.swift in Sources */ = {isa = PBXBuildFile; fileRef = BD17242C2C592FF200C80B4B /* HoverableButton.swift */; };
		BD2713122C539C12000820F6 /* User.swift in Sources */ = {isa = PBXBuildFile; fileRef = BD2713112C539C12000820F6 /* User.swift */; };
		BD2713142C539C34000820F6 /* NotiStatistic.swift in Sources */ = {isa = PBXBuildFile; fileRef = BD2713132C539C34000820F6 /* NotiStatistic.swift */; };
		BD4020DC2C6708AE00FF5F60 /* UserManager.swift in Sources */ = {isa = PBXBuildFile; fileRef = BD4020DB2C6708AE00FF5F60 /* UserManager.swift */; };
		BD500FBA2C5BDFED00F0D257 /* HeadphoneMotionManager.swift in Sources */ = {isa = PBXBuildFile; fileRef = BD500FB92C5BDFED00F0D257 /* HeadphoneMotionManager.swift */; };
		BD76C5DB2C5678E6004993EC /* CheckDeviceView.swift in Sources */ = {isa = PBXBuildFile; fileRef = BD76C5DA2C5678E6004993EC /* CheckDeviceView.swift */; };
		BD76C5DD2C56790F004993EC /* MotionPermissionView.swift in Sources */ = {isa = PBXBuildFile; fileRef = BD76C5DC2C56790F004993EC /* MotionPermissionView.swift */; };
		BD76C5DF2C567952004993EC /* MeasureReadyView.swift in Sources */ = {isa = PBXBuildFile; fileRef = BD76C5DE2C567952004993EC /* MeasureReadyView.swift */; };
		BD76C5E12C5679C9004993EC /* MeasurePostureView.swift in Sources */ = {isa = PBXBuildFile; fileRef = BD76C5E02C5679C9004993EC /* MeasurePostureView.swift */; };
		BD76C5E62C567ACC004993EC /* WithoutAirpodsView.swift in Sources */ = {isa = PBXBuildFile; fileRef = BD76C5E52C567ACC004993EC /* WithoutAirpodsView.swift */; };
		BD76C5E82C567B1E004993EC /* MeasureFinishView.swift in Sources */ = {isa = PBXBuildFile; fileRef = BD76C5E72C567B1E004993EC /* MeasureFinishView.swift */; };
		BD76C5EA2C567C6F004993EC /* MeasureErrorView.swift in Sources */ = {isa = PBXBuildFile; fileRef = BD76C5E92C567C6F004993EC /* MeasureErrorView.swift */; };
		BD76C5EE2C56AE83004993EC /* Router.swift in Sources */ = {isa = PBXBuildFile; fileRef = BD76C5ED2C56AE83004993EC /* Router.swift */; };
/* End PBXBuildFile section */

/* Begin PBXFileReference section */
		4F1D5FB42C67C51D00B2051A /* TimeFormatter.swift */ = {isa = PBXFileReference; lastKnownFileType = sourcecode.swift; path = TimeFormatter.swift; sourceTree = "<group>"; };
		4F5189172C633C7200E978F0 /* LaunchScreenView.swift */ = {isa = PBXFileReference; lastKnownFileType = sourcecode.swift; path = LaunchScreenView.swift; sourceTree = "<group>"; };
		4F5FEFBA2C5C761400E00081 /* TurtleView.swift */ = {isa = PBXFileReference; lastKnownFileType = sourcecode.swift; path = TurtleView.swift; sourceTree = "<group>"; };
		4F5FEFBC2C5C762000E00081 /* TopMenuView.swift */ = {isa = PBXFileReference; lastKnownFileType = sourcecode.swift; path = TopMenuView.swift; sourceTree = "<group>"; };
		4F8160232C5536120030E5D6 /* RealTimePostureView.swift */ = {isa = PBXFileReference; lastKnownFileType = sourcecode.swift; path = RealTimePostureView.swift; sourceTree = "<group>"; };
		4F8160252C5536380030E5D6 /* WeekPostureView.swift */ = {isa = PBXFileReference; lastKnownFileType = sourcecode.swift; path = WeekPostureView.swift; sourceTree = "<group>"; };
		4F81605E2C57EBE30030E5D6 /* ColorExtension.swift */ = {isa = PBXFileReference; lastKnownFileType = sourcecode.swift; path = ColorExtension.swift; sourceTree = "<group>"; };
		4F8160722C57EC5B0030E5D6 /* FontExtension.swift */ = {isa = PBXFileReference; lastKnownFileType = sourcecode.swift; path = FontExtension.swift; sourceTree = "<group>"; };
		4F8160742C57EC840030E5D6 /* Info.plist */ = {isa = PBXFileReference; lastKnownFileType = text.plist; path = Info.plist; sourceTree = "<group>"; };
		4F89F8E22C5A261700A9953D /* StatisticView.swift */ = {isa = PBXFileReference; lastKnownFileType = sourcecode.swift; path = StatisticView.swift; sourceTree = "<group>"; };
		4F89F8E42C5A290F00A9953D /* DayPostureView.swift */ = {isa = PBXFileReference; lastKnownFileType = sourcecode.swift; path = DayPostureView.swift; sourceTree = "<group>"; };
		4FF6E4932C5FC5F2002B08A6 /* PIPView.swift */ = {isa = PBXFileReference; lastKnownFileType = sourcecode.swift; path = PIPView.swift; sourceTree = "<group>"; };
		512DD1562C538B410033985C /* TurtleNeck.app */ = {isa = PBXFileReference; explicitFileType = wrapper.application; includeInIndex = 0; path = TurtleNeck.app; sourceTree = BUILT_PRODUCTS_DIR; };
		512DD1592C538B410033985C /* TurtleNeckApp.swift */ = {isa = PBXFileReference; lastKnownFileType = sourcecode.swift; path = TurtleNeckApp.swift; sourceTree = "<group>"; };
		512DD15B2C538B410033985C /* ContentView.swift */ = {isa = PBXFileReference; lastKnownFileType = sourcecode.swift; path = ContentView.swift; sourceTree = "<group>"; };
		512DD15D2C538B430033985C /* Assets.xcassets */ = {isa = PBXFileReference; lastKnownFileType = folder.assetcatalog; path = Assets.xcassets; sourceTree = "<group>"; };
		512DD1602C538B430033985C /* Preview Assets.xcassets */ = {isa = PBXFileReference; lastKnownFileType = folder.assetcatalog; path = "Preview Assets.xcassets"; sourceTree = "<group>"; };
		512DD1622C538B430033985C /* TurtleNeck.entitlements */ = {isa = PBXFileReference; lastKnownFileType = text.plist.entitlements; path = TurtleNeck.entitlements; sourceTree = "<group>"; };
		512DD16E2C538FD90033985C /* DummyService.swift */ = {isa = PBXFileReference; lastKnownFileType = sourcecode.swift; path = DummyService.swift; sourceTree = "<group>"; };
		512DD1742C5390590033985C /* DummyEntity.swift */ = {isa = PBXFileReference; lastKnownFileType = sourcecode.swift; path = DummyEntity.swift; sourceTree = "<group>"; };
		512DD1762C53907F0033985C /* DummyUseCase.swift */ = {isa = PBXFileReference; lastKnownFileType = sourcecode.swift; path = DummyUseCase.swift; sourceTree = "<group>"; };
		512DD1782C5390AF0033985C /* DummyServiceInterface.swift */ = {isa = PBXFileReference; lastKnownFileType = sourcecode.swift; path = DummyServiceInterface.swift; sourceTree = "<group>"; };
		512DD17A2C5391660033985C /* DummyHelper.swift */ = {isa = PBXFileReference; lastKnownFileType = sourcecode.swift; path = DummyHelper.swift; sourceTree = "<group>"; };
		512DD17F2C5392A60033985C /* MainView.swift */ = {isa = PBXFileReference; lastKnownFileType = sourcecode.swift; path = MainView.swift; sourceTree = "<group>"; };
		512DD1812C5392BF0033985C /* NotiPermissionView.swift */ = {isa = PBXFileReference; lastKnownFileType = sourcecode.swift; path = NotiPermissionView.swift; sourceTree = "<group>"; };
		512DD1832C5392CC0033985C /* SettingView.swift */ = {isa = PBXFileReference; lastKnownFileType = sourcecode.swift; path = SettingView.swift; sourceTree = "<group>"; };
		51300EC22C62A880000A4EF5 /* CharacterNotiManager.swift */ = {isa = PBXFileReference; lastKnownFileType = sourcecode.swift; path = CharacterNotiManager.swift; sourceTree = "<group>"; };
		51300EC72C62ACA4000A4EF5 /* CharacterNotiView.swift */ = {isa = PBXFileReference; lastKnownFileType = sourcecode.swift; path = CharacterNotiView.swift; sourceTree = "<group>"; };
		51C09D032C5E42A8003307F2 /* NotificationContent.swift */ = {isa = PBXFileReference; lastKnownFileType = sourcecode.swift; path = NotificationContent.swift; sourceTree = "<group>"; };
		51EB27572C5C7F2500CEE9FB /* NotificationManager.swift */ = {isa = PBXFileReference; lastKnownFileType = sourcecode.swift; path = NotificationManager.swift; sourceTree = "<group>"; };
		BD17242C2C592FF200C80B4B /* HoverableButton.swift */ = {isa = PBXFileReference; lastKnownFileType = sourcecode.swift; path = HoverableButton.swift; sourceTree = "<group>"; };
		BD2713112C539C12000820F6 /* User.swift */ = {isa = PBXFileReference; lastKnownFileType = sourcecode.swift; path = User.swift; sourceTree = "<group>"; };
		BD2713132C539C34000820F6 /* NotiStatistic.swift */ = {isa = PBXFileReference; lastKnownFileType = sourcecode.swift; path = NotiStatistic.swift; sourceTree = "<group>"; };
		BD4020DB2C6708AE00FF5F60 /* UserManager.swift */ = {isa = PBXFileReference; lastKnownFileType = sourcecode.swift; path = UserManager.swift; sourceTree = "<group>"; };
		BD500FB92C5BDFED00F0D257 /* HeadphoneMotionManager.swift */ = {isa = PBXFileReference; lastKnownFileType = sourcecode.swift; path = HeadphoneMotionManager.swift; sourceTree = "<group>"; };
		BD76C5DA2C5678E6004993EC /* CheckDeviceView.swift */ = {isa = PBXFileReference; lastKnownFileType = sourcecode.swift; path = CheckDeviceView.swift; sourceTree = "<group>"; };
		BD76C5DC2C56790F004993EC /* MotionPermissionView.swift */ = {isa = PBXFileReference; lastKnownFileType = sourcecode.swift; path = MotionPermissionView.swift; sourceTree = "<group>"; };
		BD76C5DE2C567952004993EC /* MeasureReadyView.swift */ = {isa = PBXFileReference; lastKnownFileType = sourcecode.swift; path = MeasureReadyView.swift; sourceTree = "<group>"; };
		BD76C5E02C5679C9004993EC /* MeasurePostureView.swift */ = {isa = PBXFileReference; lastKnownFileType = sourcecode.swift; path = MeasurePostureView.swift; sourceTree = "<group>"; };
		BD76C5E52C567ACC004993EC /* WithoutAirpodsView.swift */ = {isa = PBXFileReference; lastKnownFileType = sourcecode.swift; path = WithoutAirpodsView.swift; sourceTree = "<group>"; };
		BD76C5E72C567B1E004993EC /* MeasureFinishView.swift */ = {isa = PBXFileReference; lastKnownFileType = sourcecode.swift; path = MeasureFinishView.swift; sourceTree = "<group>"; };
		BD76C5E92C567C6F004993EC /* MeasureErrorView.swift */ = {isa = PBXFileReference; lastKnownFileType = sourcecode.swift; path = MeasureErrorView.swift; sourceTree = "<group>"; };
		BD76C5ED2C56AE83004993EC /* Router.swift */ = {isa = PBXFileReference; lastKnownFileType = sourcecode.swift; path = Router.swift; sourceTree = "<group>"; };
/* End PBXFileReference section */

/* Begin PBXFrameworksBuildPhase section */
		512DD1532C538B410033985C /* Frameworks */ = {
			isa = PBXFrameworksBuildPhase;
			buildActionMask = 2147483647;
			files = (
			);
			runOnlyForDeploymentPostprocessing = 0;
		};
/* End PBXFrameworksBuildPhase section */

/* Begin PBXGroup section */
		4F5189162C633C5700E978F0 /* LaunchScreen */ = {
			isa = PBXGroup;
			children = (
				4F5189172C633C7200E978F0 /* LaunchScreenView.swift */,
			);
			path = LaunchScreen;
			sourceTree = "<group>";
		};
		4F5FEFB92C5C75F900E00081 /* Components */ = {
			isa = PBXGroup;
			children = (
				4F5FEFBA2C5C761400E00081 /* TurtleView.swift */,
				4F5FEFBC2C5C762000E00081 /* TopMenuView.swift */,
			);
			path = Components;
			sourceTree = "<group>";
		};
		4F8160592C57EB800030E5D6 /* Assets */ = {
			isa = PBXGroup;
			children = (
				512DD15D2C538B430033985C /* Assets.xcassets */,
			);
			path = Assets;
			sourceTree = "<group>";
		};
		4F81605D2C57EBB10030E5D6 /* Extensions */ = {
			isa = PBXGroup;
			children = (
				4F81605E2C57EBE30030E5D6 /* ColorExtension.swift */,
				4F8160722C57EC5B0030E5D6 /* FontExtension.swift */,
			);
			path = Extensions;
			sourceTree = "<group>";
		};
		4F89F8E02C5A25EA00A9953D /* Statistic */ = {
			isa = PBXGroup;
			children = (
				4F89F8E22C5A261700A9953D /* StatisticView.swift */,
				4F8160252C5536380030E5D6 /* WeekPostureView.swift */,
				4F89F8E42C5A290F00A9953D /* DayPostureView.swift */,
			);
			path = Statistic;
			sourceTree = "<group>";
		};
		4F89F8E12C5A260600A9953D /* RealTime */ = {
			isa = PBXGroup;
			children = (
				4F8160232C5536120030E5D6 /* RealTimePostureView.swift */,
			);
			path = RealTime;
			sourceTree = "<group>";
		};
		4FF6E4922C5FC5CD002B08A6 /* PIP */ = {
			isa = PBXGroup;
			children = (
				4FF6E4932C5FC5F2002B08A6 /* PIPView.swift */,
			);
			path = PIP;
			sourceTree = "<group>";
		};
		512DD14D2C538B410033985C = {
			isa = PBXGroup;
			children = (
				512DD1582C538B410033985C /* TurtleNeck */,
				512DD1572C538B410033985C /* Products */,
			);
			sourceTree = "<group>";
		};
		512DD1572C538B410033985C /* Products */ = {
			isa = PBXGroup;
			children = (
				512DD1562C538B410033985C /* TurtleNeck.app */,
			);
			name = Products;
			sourceTree = "<group>";
		};
		512DD1582C538B410033985C /* TurtleNeck */ = {
			isa = PBXGroup;
			children = (
				4F8160742C57EC840030E5D6 /* Info.plist */,
				512DD1622C538B430033985C /* TurtleNeck.entitlements */,
				512DD16A2C538E550033985C /* App */,
				512DD16D2C538F390033985C /* Data */,
				512DD1692C538E530033985C /* Domain */,
				512DD1682C538E3E0033985C /* Helper */,
				512DD16C2C538F360033985C /* Resource */,
				512DD16B2C538E580033985C /* Presentation */,
				512DD15F2C538B430033985C /* Preview Content */,
			);
			path = TurtleNeck;
			sourceTree = "<group>";
		};
		512DD15F2C538B430033985C /* Preview Content */ = {
			isa = PBXGroup;
			children = (
				512DD1602C538B430033985C /* Preview Assets.xcassets */,
			);
			path = "Preview Content";
			sourceTree = "<group>";
		};
		512DD1682C538E3E0033985C /* Helper */ = {
			isa = PBXGroup;
			children = (
				512DD17A2C5391660033985C /* DummyHelper.swift */,
				BD76C5ED2C56AE83004993EC /* Router.swift */,
				BD500FB92C5BDFED00F0D257 /* HeadphoneMotionManager.swift */,
				BD4020DB2C6708AE00FF5F60 /* UserManager.swift */,
				4F1D5FB42C67C51D00B2051A /* TimeFormatter.swift */,
			);
			path = Helper;
			sourceTree = "<group>";
		};
		512DD1692C538E530033985C /* Domain */ = {
			isa = PBXGroup;
			children = (
				512DD1732C53901F0033985C /* Entity */,
				512DD1712C5390140033985C /* UseCase */,
				512DD1702C5390110033985C /* Interface */,
			);
			path = Domain;
			sourceTree = "<group>";
		};
		512DD16A2C538E550033985C /* App */ = {
			isa = PBXGroup;
			children = (
				512DD1592C538B410033985C /* TurtleNeckApp.swift */,
			);
			path = App;
			sourceTree = "<group>";
		};
		512DD16B2C538E580033985C /* Presentation */ = {
			isa = PBXGroup;
			children = (
				4F5189162C633C5700E978F0 /* LaunchScreen */,
				51300EC42C62AC1C000A4EF5 /* CharacterNoti */,
				BD17242F2C5A245000C80B4B /* Components */,
				4FF6E4922C5FC5CD002B08A6 /* PIP */,
				512DD17D2C5392680033985C /* Main */,
				512DD17E2C53926F0033985C /* Onboarding */,
				512DD17C2C5392530033985C /* Setting */,
				512DD15B2C538B410033985C /* ContentView.swift */,
			);
			path = Presentation;
			sourceTree = "<group>";
		};
		512DD16C2C538F360033985C /* Resource */ = {
			isa = PBXGroup;
			children = (
				4F81605D2C57EBB10030E5D6 /* Extensions */,
				4F8160592C57EB800030E5D6 /* Assets */,
			);
			path = Resource;
			sourceTree = "<group>";
		};
		512DD16D2C538F390033985C /* Data */ = {
			isa = PBXGroup;
			children = (
				BD2713102C539BFF000820F6 /* Model */,
				512DD16E2C538FD90033985C /* DummyService.swift */,
			);
			path = Data;
			sourceTree = "<group>";
		};
		512DD1702C5390110033985C /* Interface */ = {
			isa = PBXGroup;
			children = (
				512DD1782C5390AF0033985C /* DummyServiceInterface.swift */,
			);
			path = Interface;
			sourceTree = "<group>";
		};
		512DD1712C5390140033985C /* UseCase */ = {
			isa = PBXGroup;
			children = (
				51EB27572C5C7F2500CEE9FB /* NotificationManager.swift */,
				512DD1762C53907F0033985C /* DummyUseCase.swift */,
				51300EC22C62A880000A4EF5 /* CharacterNotiManager.swift */,
			);
			path = UseCase;
			sourceTree = "<group>";
		};
		512DD1732C53901F0033985C /* Entity */ = {
			isa = PBXGroup;
			children = (
				51C09D032C5E42A8003307F2 /* NotificationContent.swift */,
				512DD1742C5390590033985C /* DummyEntity.swift */,
			);
			path = Entity;
			sourceTree = "<group>";
		};
		512DD17C2C5392530033985C /* Setting */ = {
			isa = PBXGroup;
			children = (
				512DD1832C5392CC0033985C /* SettingView.swift */,
			);
			path = Setting;
			sourceTree = "<group>";
		};
		512DD17D2C5392680033985C /* Main */ = {
			isa = PBXGroup;
			children = (
				512DD17F2C5392A60033985C /* MainView.swift */,
				4F5FEFB92C5C75F900E00081 /* Components */,
				4F89F8E12C5A260600A9953D /* RealTime */,
				4F89F8E02C5A25EA00A9953D /* Statistic */,
			);
			path = Main;
			sourceTree = "<group>";
		};
		512DD17E2C53926F0033985C /* Onboarding */ = {
			isa = PBXGroup;
			children = (
				512DD1812C5392BF0033985C /* NotiPermissionView.swift */,
				BD76C5DA2C5678E6004993EC /* CheckDeviceView.swift */,
				BD76C5E22C5679F4004993EC /* WithAirpods */,
				BD76C5E42C567A66004993EC /* WithoutAirpods */,
			);
			path = Onboarding;
			sourceTree = "<group>";
		};
		51300EC42C62AC1C000A4EF5 /* CharacterNoti */ = {
			isa = PBXGroup;
			children = (
				51300EC72C62ACA4000A4EF5 /* CharacterNotiView.swift */,
			);
			path = CharacterNoti;
			sourceTree = "<group>";
		};
		BD17242F2C5A245000C80B4B /* Components */ = {
			isa = PBXGroup;
			children = (
				BD17242C2C592FF200C80B4B /* HoverableButton.swift */,
			);
			path = Components;
			sourceTree = "<group>";
		};
		BD2713102C539BFF000820F6 /* Model */ = {
			isa = PBXGroup;
			children = (
				BD2713112C539C12000820F6 /* User.swift */,
				BD2713132C539C34000820F6 /* NotiStatistic.swift */,
			);
			path = Model;
			sourceTree = "<group>";
		};
		BD76C5E22C5679F4004993EC /* WithAirpods */ = {
			isa = PBXGroup;
			children = (
				BD76C5DC2C56790F004993EC /* MotionPermissionView.swift */,
				BD76C5DE2C567952004993EC /* MeasureReadyView.swift */,
				BD76C5E02C5679C9004993EC /* MeasurePostureView.swift */,
				BD76C5E72C567B1E004993EC /* MeasureFinishView.swift */,
				BD76C5E92C567C6F004993EC /* MeasureErrorView.swift */,
			);
			path = WithAirpods;
			sourceTree = "<group>";
		};
		BD76C5E42C567A66004993EC /* WithoutAirpods */ = {
			isa = PBXGroup;
			children = (
				BD76C5E52C567ACC004993EC /* WithoutAirpodsView.swift */,
			);
			path = WithoutAirpods;
			sourceTree = "<group>";
		};
/* End PBXGroup section */

/* Begin PBXNativeTarget section */
		512DD1552C538B410033985C /* TurtleNeck */ = {
			isa = PBXNativeTarget;
			buildConfigurationList = 512DD1652C538B430033985C /* Build configuration list for PBXNativeTarget "TurtleNeck" */;
			buildPhases = (
				512DD1522C538B410033985C /* Sources */,
				512DD1532C538B410033985C /* Frameworks */,
				512DD1542C538B410033985C /* Resources */,
			);
			buildRules = (
			);
			dependencies = (
			);
			name = TurtleNeck;
			productName = TurtleNeck;
			productReference = 512DD1562C538B410033985C /* TurtleNeck.app */;
			productType = "com.apple.product-type.application";
		};
/* End PBXNativeTarget section */

/* Begin PBXProject section */
		512DD14E2C538B410033985C /* Project object */ = {
			isa = PBXProject;
			attributes = {
				BuildIndependentTargetsInParallel = 1;
				LastSwiftUpdateCheck = 1530;
				LastUpgradeCheck = 1530;
				TargetAttributes = {
					512DD1552C538B410033985C = {
						CreatedOnToolsVersion = 15.3;
					};
				};
			};
			buildConfigurationList = 512DD1512C538B410033985C /* Build configuration list for PBXProject "TurtleNeck" */;
			compatibilityVersion = "Xcode 14.0";
			developmentRegion = en;
			hasScannedForEncodings = 0;
			knownRegions = (
				en,
				Base,
			);
			mainGroup = 512DD14D2C538B410033985C;
			productRefGroup = 512DD1572C538B410033985C /* Products */;
			projectDirPath = "";
			projectRoot = "";
			targets = (
				512DD1552C538B410033985C /* TurtleNeck */,
			);
		};
/* End PBXProject section */

/* Begin PBXResourcesBuildPhase section */
		512DD1542C538B410033985C /* Resources */ = {
			isa = PBXResourcesBuildPhase;
			buildActionMask = 2147483647;
			files = (
				512DD1612C538B430033985C /* Preview Assets.xcassets in Resources */,
				512DD15E2C538B430033985C /* Assets.xcassets in Resources */,
			);
			runOnlyForDeploymentPostprocessing = 0;
		};
/* End PBXResourcesBuildPhase section */

/* Begin PBXSourcesBuildPhase section */
		512DD1522C538B410033985C /* Sources */ = {
			isa = PBXSourcesBuildPhase;
			buildActionMask = 2147483647;
			files = (
				BD76C5EE2C56AE83004993EC /* Router.swift in Sources */,
				512DD1792C5390AF0033985C /* DummyServiceInterface.swift in Sources */,
				BD500FBA2C5BDFED00F0D257 /* HeadphoneMotionManager.swift in Sources */,
				BD4020DC2C6708AE00FF5F60 /* UserManager.swift in Sources */,
				BD17242D2C592FF200C80B4B /* HoverableButton.swift in Sources */,
				512DD1842C5392CC0033985C /* SettingView.swift in Sources */,
				4F8160732C57EC5B0030E5D6 /* FontExtension.swift in Sources */,
				4F1D5FB52C67C51D00B2051A /* TimeFormatter.swift in Sources */,
				51300EC32C62A880000A4EF5 /* CharacterNotiManager.swift in Sources */,
				4F5FEFBD2C5C762000E00081 /* TopMenuView.swift in Sources */,
				512DD1802C5392A60033985C /* MainView.swift in Sources */,
				4F89F8E52C5A290F00A9953D /* DayPostureView.swift in Sources */,
				4F89F8E32C5A261700A9953D /* StatisticView.swift in Sources */,
				4F5FEFBB2C5C761400E00081 /* TurtleView.swift in Sources */,
				BD2713142C539C34000820F6 /* NotiStatistic.swift in Sources */,
				BD76C5DF2C567952004993EC /* MeasureReadyView.swift in Sources */,
				BD2713142C539C34000820F6 /* NotiStatistic.swift in Sources */,
				512DD15C2C538B410033985C /* ContentView.swift in Sources */,
				512DD1822C5392BF0033985C /* NotiPermissionView.swift in Sources */,
				BD76C5E82C567B1E004993EC /* MeasureFinishView.swift in Sources */,
				BD76C5DD2C56790F004993EC /* MotionPermissionView.swift in Sources */,
				512DD1752C5390590033985C /* DummyEntity.swift in Sources */,
				512DD1772C53907F0033985C /* DummyUseCase.swift in Sources */,
				512DD16F2C538FD90033985C /* DummyService.swift in Sources */,
				BD76C5E12C5679C9004993EC /* MeasurePostureView.swift in Sources */,
				BD76C5E62C567ACC004993EC /* WithoutAirpodsView.swift in Sources */,
				51C09D042C5E42A8003307F2 /* NotificationContent.swift in Sources */,
				BD76C5DB2C5678E6004993EC /* CheckDeviceView.swift in Sources */,
				4F81605F2C57EBE30030E5D6 /* ColorExtension.swift in Sources */,
				4F8160242C5536120030E5D6 /* RealTimePostureView.swift in Sources */,
				4F8160262C5536380030E5D6 /* WeekPostureView.swift in Sources */,
				4F5189182C633C7200E978F0 /* LaunchScreenView.swift in Sources */,
				512DD15A2C538B410033985C /* TurtleNeckApp.swift in Sources */,
				51EB27582C5C7F2500CEE9FB /* NotificationManager.swift in Sources */,
				51300EC82C62ACA4000A4EF5 /* CharacterNotiView.swift in Sources */,
				4FF6E4942C5FC5F2002B08A6 /* PIPView.swift in Sources */,
				512DD17B2C5391660033985C /* DummyHelper.swift in Sources */,
				BD76C5EA2C567C6F004993EC /* MeasureErrorView.swift in Sources */,
				BD2713122C539C12000820F6 /* User.swift in Sources */,
			);
			runOnlyForDeploymentPostprocessing = 0;
		};
/* End PBXSourcesBuildPhase section */

/* Begin XCBuildConfiguration section */
		512DD1632C538B430033985C /* Debug */ = {
			isa = XCBuildConfiguration;
			buildSettings = {
				ALWAYS_SEARCH_USER_PATHS = NO;
				ASSETCATALOG_COMPILER_GENERATE_SWIFT_ASSET_SYMBOL_EXTENSIONS = YES;
				CLANG_ANALYZER_NONNULL = YES;
				CLANG_ANALYZER_NUMBER_OBJECT_CONVERSION = YES_AGGRESSIVE;
				CLANG_CXX_LANGUAGE_STANDARD = "gnu++20";
				CLANG_ENABLE_MODULES = YES;
				CLANG_ENABLE_OBJC_ARC = YES;
				CLANG_ENABLE_OBJC_WEAK = YES;
				CLANG_WARN_BLOCK_CAPTURE_AUTORELEASING = YES;
				CLANG_WARN_BOOL_CONVERSION = YES;
				CLANG_WARN_COMMA = YES;
				CLANG_WARN_CONSTANT_CONVERSION = YES;
				CLANG_WARN_DEPRECATED_OBJC_IMPLEMENTATIONS = YES;
				CLANG_WARN_DIRECT_OBJC_ISA_USAGE = YES_ERROR;
				CLANG_WARN_DOCUMENTATION_COMMENTS = YES;
				CLANG_WARN_EMPTY_BODY = YES;
				CLANG_WARN_ENUM_CONVERSION = YES;
				CLANG_WARN_INFINITE_RECURSION = YES;
				CLANG_WARN_INT_CONVERSION = YES;
				CLANG_WARN_NON_LITERAL_NULL_CONVERSION = YES;
				CLANG_WARN_OBJC_IMPLICIT_RETAIN_SELF = YES;
				CLANG_WARN_OBJC_LITERAL_CONVERSION = YES;
				CLANG_WARN_OBJC_ROOT_CLASS = YES_ERROR;
				CLANG_WARN_QUOTED_INCLUDE_IN_FRAMEWORK_HEADER = YES;
				CLANG_WARN_RANGE_LOOP_ANALYSIS = YES;
				CLANG_WARN_STRICT_PROTOTYPES = YES;
				CLANG_WARN_SUSPICIOUS_MOVE = YES;
				CLANG_WARN_UNGUARDED_AVAILABILITY = YES_AGGRESSIVE;
				CLANG_WARN_UNREACHABLE_CODE = YES;
				CLANG_WARN__DUPLICATE_METHOD_MATCH = YES;
				COPY_PHASE_STRIP = NO;
				DEBUG_INFORMATION_FORMAT = dwarf;
				ENABLE_STRICT_OBJC_MSGSEND = YES;
				ENABLE_TESTABILITY = YES;
				ENABLE_USER_SCRIPT_SANDBOXING = YES;
				GCC_C_LANGUAGE_STANDARD = gnu17;
				GCC_DYNAMIC_NO_PIC = NO;
				GCC_NO_COMMON_BLOCKS = YES;
				GCC_OPTIMIZATION_LEVEL = 0;
				GCC_PREPROCESSOR_DEFINITIONS = (
					"DEBUG=1",
					"$(inherited)",
				);
				GCC_WARN_64_TO_32_BIT_CONVERSION = YES;
				GCC_WARN_ABOUT_RETURN_TYPE = YES_ERROR;
				GCC_WARN_UNDECLARED_SELECTOR = YES;
				GCC_WARN_UNINITIALIZED_AUTOS = YES_AGGRESSIVE;
				GCC_WARN_UNUSED_FUNCTION = YES;
				GCC_WARN_UNUSED_VARIABLE = YES;
				LOCALIZATION_PREFERS_STRING_CATALOGS = YES;
				MACOSX_DEPLOYMENT_TARGET = 14.3;
				MTL_ENABLE_DEBUG_INFO = INCLUDE_SOURCE;
				MTL_FAST_MATH = YES;
				ONLY_ACTIVE_ARCH = YES;
				SDKROOT = macosx;
				SWIFT_ACTIVE_COMPILATION_CONDITIONS = "DEBUG $(inherited)";
				SWIFT_OPTIMIZATION_LEVEL = "-Onone";
			};
			name = Debug;
		};
		512DD1642C538B430033985C /* Release */ = {
			isa = XCBuildConfiguration;
			buildSettings = {
				ALWAYS_SEARCH_USER_PATHS = NO;
				ASSETCATALOG_COMPILER_GENERATE_SWIFT_ASSET_SYMBOL_EXTENSIONS = YES;
				CLANG_ANALYZER_NONNULL = YES;
				CLANG_ANALYZER_NUMBER_OBJECT_CONVERSION = YES_AGGRESSIVE;
				CLANG_CXX_LANGUAGE_STANDARD = "gnu++20";
				CLANG_ENABLE_MODULES = YES;
				CLANG_ENABLE_OBJC_ARC = YES;
				CLANG_ENABLE_OBJC_WEAK = YES;
				CLANG_WARN_BLOCK_CAPTURE_AUTORELEASING = YES;
				CLANG_WARN_BOOL_CONVERSION = YES;
				CLANG_WARN_COMMA = YES;
				CLANG_WARN_CONSTANT_CONVERSION = YES;
				CLANG_WARN_DEPRECATED_OBJC_IMPLEMENTATIONS = YES;
				CLANG_WARN_DIRECT_OBJC_ISA_USAGE = YES_ERROR;
				CLANG_WARN_DOCUMENTATION_COMMENTS = YES;
				CLANG_WARN_EMPTY_BODY = YES;
				CLANG_WARN_ENUM_CONVERSION = YES;
				CLANG_WARN_INFINITE_RECURSION = YES;
				CLANG_WARN_INT_CONVERSION = YES;
				CLANG_WARN_NON_LITERAL_NULL_CONVERSION = YES;
				CLANG_WARN_OBJC_IMPLICIT_RETAIN_SELF = YES;
				CLANG_WARN_OBJC_LITERAL_CONVERSION = YES;
				CLANG_WARN_OBJC_ROOT_CLASS = YES_ERROR;
				CLANG_WARN_QUOTED_INCLUDE_IN_FRAMEWORK_HEADER = YES;
				CLANG_WARN_RANGE_LOOP_ANALYSIS = YES;
				CLANG_WARN_STRICT_PROTOTYPES = YES;
				CLANG_WARN_SUSPICIOUS_MOVE = YES;
				CLANG_WARN_UNGUARDED_AVAILABILITY = YES_AGGRESSIVE;
				CLANG_WARN_UNREACHABLE_CODE = YES;
				CLANG_WARN__DUPLICATE_METHOD_MATCH = YES;
				COPY_PHASE_STRIP = NO;
				DEBUG_INFORMATION_FORMAT = "dwarf-with-dsym";
				ENABLE_NS_ASSERTIONS = NO;
				ENABLE_STRICT_OBJC_MSGSEND = YES;
				ENABLE_USER_SCRIPT_SANDBOXING = YES;
				GCC_C_LANGUAGE_STANDARD = gnu17;
				GCC_NO_COMMON_BLOCKS = YES;
				GCC_WARN_64_TO_32_BIT_CONVERSION = YES;
				GCC_WARN_ABOUT_RETURN_TYPE = YES_ERROR;
				GCC_WARN_UNDECLARED_SELECTOR = YES;
				GCC_WARN_UNINITIALIZED_AUTOS = YES_AGGRESSIVE;
				GCC_WARN_UNUSED_FUNCTION = YES;
				GCC_WARN_UNUSED_VARIABLE = YES;
				LOCALIZATION_PREFERS_STRING_CATALOGS = YES;
				MACOSX_DEPLOYMENT_TARGET = 14.3;
				MTL_ENABLE_DEBUG_INFO = NO;
				MTL_FAST_MATH = YES;
				SDKROOT = macosx;
				SWIFT_COMPILATION_MODE = wholemodule;
			};
			name = Release;
		};
		512DD1662C538B430033985C /* Debug */ = {
			isa = XCBuildConfiguration;
			buildSettings = {
				ASSETCATALOG_COMPILER_APPICON_NAME = AppIcon;
				ASSETCATALOG_COMPILER_GLOBAL_ACCENT_COLOR_NAME = AccentColor;
				CODE_SIGN_ENTITLEMENTS = TurtleNeck/TurtleNeck.entitlements;
				CODE_SIGN_STYLE = Automatic;
				COMBINE_HIDPI_IMAGES = YES;
				CURRENT_PROJECT_VERSION = 202408083;
				DEVELOPMENT_ASSET_PATHS = "\"TurtleNeck/Preview Content\"";
				DEVELOPMENT_TEAM = U6CCD5BT22;
				ENABLE_HARDENED_RUNTIME = YES;
				ENABLE_PREVIEWS = YES;
				GENERATE_INFOPLIST_FILE = YES;
				INFOPLIST_FILE = TurtleNeck/Info.plist;
				INFOPLIST_KEY_LSApplicationCategoryType = "public.app-category.healthcare-fitness";
				INFOPLIST_KEY_LSUIElement = YES;
				INFOPLIST_KEY_NSHumanReadableCopyright = "";
				INFOPLIST_KEY_NSMotionUsageDescription = "자세를 측정하기 위해 에어팟의 모션데이터에 접근이 필요해요.";
				LD_RUNPATH_SEARCH_PATHS = (
					"$(inherited)",
					"@executable_path/../Frameworks",
				);
				MARKETING_VERSION = 1.0.5;
				PRODUCT_BUNDLE_IDENTIFIER = com.Doran.TurtleNeck;
				PRODUCT_NAME = "$(TARGET_NAME)";
				SWIFT_EMIT_LOC_STRINGS = YES;
				SWIFT_VERSION = 5.0;
			};
			name = Debug;
		};
		512DD1672C538B430033985C /* Release */ = {
			isa = XCBuildConfiguration;
			buildSettings = {
				ASSETCATALOG_COMPILER_APPICON_NAME = AppIcon;
				ASSETCATALOG_COMPILER_GLOBAL_ACCENT_COLOR_NAME = AccentColor;
				CODE_SIGN_ENTITLEMENTS = TurtleNeck/TurtleNeck.entitlements;
				CODE_SIGN_STYLE = Automatic;
				COMBINE_HIDPI_IMAGES = YES;
				CURRENT_PROJECT_VERSION = 202408083;
				DEVELOPMENT_ASSET_PATHS = "\"TurtleNeck/Preview Content\"";
				DEVELOPMENT_TEAM = U6CCD5BT22;
				ENABLE_HARDENED_RUNTIME = YES;
				ENABLE_PREVIEWS = YES;
				GENERATE_INFOPLIST_FILE = YES;
				INFOPLIST_FILE = TurtleNeck/Info.plist;
				INFOPLIST_KEY_LSApplicationCategoryType = "public.app-category.healthcare-fitness";
				INFOPLIST_KEY_LSUIElement = YES;
				INFOPLIST_KEY_NSHumanReadableCopyright = "";
				INFOPLIST_KEY_NSMotionUsageDescription = "자세를 측정하기 위해 에어팟의 모션데이터에 접근이 필요해요.";
				LD_RUNPATH_SEARCH_PATHS = (
					"$(inherited)",
					"@executable_path/../Frameworks",
				);
				MARKETING_VERSION = 1.0.5;
				PRODUCT_BUNDLE_IDENTIFIER = com.Doran.TurtleNeck;
				PRODUCT_NAME = "$(TARGET_NAME)";
				SWIFT_EMIT_LOC_STRINGS = YES;
				SWIFT_VERSION = 5.0;
			};
			name = Release;
		};
/* End XCBuildConfiguration section */

/* Begin XCConfigurationList section */
		512DD1512C538B410033985C /* Build configuration list for PBXProject "TurtleNeck" */ = {
			isa = XCConfigurationList;
			buildConfigurations = (
				512DD1632C538B430033985C /* Debug */,
				512DD1642C538B430033985C /* Release */,
			);
			defaultConfigurationIsVisible = 0;
			defaultConfigurationName = Release;
		};
		512DD1652C538B430033985C /* Build configuration list for PBXNativeTarget "TurtleNeck" */ = {
			isa = XCConfigurationList;
			buildConfigurations = (
				512DD1662C538B430033985C /* Debug */,
				512DD1672C538B430033985C /* Release */,
			);
			defaultConfigurationIsVisible = 0;
			defaultConfigurationName = Release;
		};
/* End XCConfigurationList section */
	};
	rootObject = 512DD14E2C538B410033985C /* Project object */;
}
